{
	"name": "@skui/statusbar",
	"version": "0.1.1",
	"lockfileVersion": 1,
	"requires": true,
	"dependencies": {
		"svelte": {
			"version": "3.38.3",
			"resolved": "https://registry.npmjs.org/svelte/-/svelte-3.38.3.tgz",
			"integrity": "sha512-N7bBZJH0iF24wsalFZF+fVYMUOigaAUQMIcEKHO3jstK/iL8VmP9xE+P0/a76+FkNcWt+TDv2Gx1taUoUscrvw=="
		},
		"tinro": {
			"version": "0.6.4",
			"resolved": "https://registry.npmjs.org/tinro/-/tinro-0.6.4.tgz",
			"integrity": "sha512-ohZJ2uE/yvAM+12rDZeOkvSQanRw47IahnyvNsuOA80ZwkOnkpmb1q8b37i6Wo+ZNajiePa0mQo6BS/0oaEejQ=="
		}
	}
}
