{
	"name": "@skui/separator",
	"version": "0.2.2",
	"lockfileVersion": 1,
	"requires": true,
	"dependencies": {
		"@skui/style": {
			"version": "0.2.2",
			"resolved": "https://registry.npmjs.org/@skui/style/-/style-0.2.2.tgz",
			"integrity": "sha512-Qgs7kQX6v8ey348WkFAvaZ/ciFO9XS06/3huCh0limiAkf83835K2LbA2UH1elRQKpzJ7+0u6eJ9oTNX3tuyOg==",
			"requires": {
				"@skui/types": "^0.2.2"
			}
		},
		"@skui/types": {
			"version": "0.2.2",
			"resolved": "https://registry.npmjs.org/@skui/types/-/types-0.2.2.tgz",
			"integrity": "sha512-ydr7i0ENAxvDOoCyI0bLSJxfV0dsoxlaRNoppRLhxWt9qnRf9t3KXqWXn/wO98Em7WWdDVuYK3JdiMXIzENJlQ=="
		},
		"svelte": {
			"version": "3.44.3",
			"resolved": "https://registry.npmjs.org/svelte/-/svelte-3.44.3.tgz",
			"integrity": "sha512-aGgrNCip5PQFNfq9e9tmm7EYxWLVHoFsEsmKrtOeRD8dmoGDdyTQ+21xd7qgFd8MNdKGSYvg7F9dr+Tc0yDymg=="
		}
	}
}
