{
	"name": "@skui/dialog",
	"version": "0.2.2",
	"lockfileVersion": 1,
	"requires": true,
	"dependencies": {
		"svelte": {
			"version": "3.41.0",
			"resolved": "https://registry.npmjs.org/svelte/-/svelte-3.41.0.tgz",
			"integrity": "sha512-X9/lnTcRBCrMdyFBVjfmqy1T2vyN8ejUE1OfbWSccc2Z42Amn3ab3XdBgVl+oDkZvzPfPMoxo6CEbWca7pXOew=="
		}
	}
}
